
Microsoft Visual Studio Solution File, Format Version 12.00
Project("{FAE04EC0-301F-11D3-BF4B-00C04F79EFBC}") = "DemoApplication", "DemoApplication\DemoApplication.csproj", "{40903D80-5A09-4667-8E55-C024AB08D191}"
EndProject
Project("{FAE04EC0-301F-11D3-BF4B-00C04F79EFBC}") = "Domain", "Domain\Domain.csproj", "{672E8993-BE3A-442F-AF19-FC772E82843B}"
EndProject
Project("{FAE04EC0-301F-11D3-BF4B-00C04F79EFBC}") = "DomainXUnit.Tests", "DomainXUnit.Tests\DomainXUnit.Tests.csproj", "{B5EDB8CB-E192-4C39-823F-D6ED4021EA02}"
EndProject
Global
	GlobalSection(SolutionConfigurationPlatforms) = preSolution
		Debug|Any CPU = Debug|Any CPU
		Release|Any CPU = Release|Any CPU
	EndGlobalSection
	GlobalSection(ProjectConfigurationPlatforms) = postSolution
		{40903D80-5A09-4667-8E55-C024AB08D191}.Debug|Any CPU.ActiveCfg = Debug|Any CPU
		{40903D80-5A09-4667-8E55-C024AB08D191}.Debug|Any CPU.Build.0 = Debug|Any CPU
		{40903D80-5A09-4667-8E55-C024AB08D191}.Release|Any CPU.ActiveCfg = Release|Any CPU
		{40903D80-5A09-4667-8E55-C024AB08D191}.Release|Any CPU.Build.0 = Release|Any CPU
		{672E8993-BE3A-442F-AF19-FC772E82843B}.Debug|Any CPU.ActiveCfg = Debug|Any CPU
		{672E8993-BE3A-442F-AF19-FC772E82843B}.Debug|Any CPU.Build.0 = Debug|Any CPU
		{672E8993-BE3A-442F-AF19-FC772E82843B}.Release|Any CPU.ActiveCfg = Release|Any CPU
		{672E8993-BE3A-442F-AF19-FC772E82843B}.Release|Any CPU.Build.0 = Release|Any CPU
		{B5EDB8CB-E192-4C39-823F-D6ED4021EA02}.Debug|Any CPU.ActiveCfg = Debug|Any CPU
		{B5EDB8CB-E192-4C39-823F-D6ED4021EA02}.Debug|Any CPU.Build.0 = Debug|Any CPU
		{B5EDB8CB-E192-4C39-823F-D6ED4021EA02}.Release|Any CPU.ActiveCfg = Release|Any CPU
		{B5EDB8CB-E192-4C39-823F-D6ED4021EA02}.Release|Any CPU.Build.0 = Release|Any CPU
	EndGlobalSection
EndGlobal
